
Microsoft Visual Studio Solution File, Format Version 12.00
# Visual Studio Version 17
VisualStudioVersion = 17.5.002.0
MinimumVisualStudioVersion = 10.0.40219.1
Project("{9A19103F-16F7-4668-BE54-9A1E7A4F7556}") = "DesafioFundamentos", "DesafioFundamentos.csproj", "{EA6F53EC-CAB9-4903-8776-ACE44AB6B5AF}"
EndProject
Global
	GlobalSection(SolutionConfigurationPlatforms) = preSolution
		Debug|Any CPU = Debug|Any CPU
		Release|Any CPU = Release|Any CPU
	EndGlobalSection
	GlobalSection(ProjectConfigurationPlatforms) = postSolution
		{EA6F53EC-CAB9-4903-8776-ACE44AB6B5AF}.Debug|Any CPU.ActiveCfg = Debug|Any CPU
		{EA6F53EC-CAB9-4903-8776-ACE44AB6B5AF}.Debug|Any CPU.Build.0 = Debug|Any CPU
		{EA6F53EC-CAB9-4903-8776-ACE44AB6B5AF}.Release|Any CPU.ActiveCfg = Release|Any CPU
		{EA6F53EC-CAB9-4903-8776-ACE44AB6B5AF}.Release|Any CPU.Build.0 = Release|Any CPU
	EndGlobalSection
	GlobalSection(SolutionProperties) = preSolution
		HideSolutionNode = FALSE
	EndGlobalSection
	GlobalSection(ExtensibilityGlobals) = postSolution
		SolutionGuid = {0C6854C0-7917-4E25-ACC0-702E407B46F6}
	EndGlobalSection
EndGlobal
